// !$*UTF8*$!
{
	archiveVersion = 1;
	classes = {
	};
	objectVersion = 46;
	objects = {

/* Begin PBXBuildFile section */
		514F31FD1A5CBB0000BB0145 /* MetierialButton.swift in Sources */ = {isa = PBXBuildFile; fileRef = 514F31FC1A5CBB0000BB0145 /* MetierialButton.swift */; };
		51791D371A5294460096D8A2 /* ClockFaceView.swift in Sources */ = {isa = PBXBuildFile; fileRef = 51791D361A5294460096D8A2 /* ClockFaceView.swift */; };
		51B0837C1A524E2900B2C916 /* AppDelegate.swift in Sources */ = {isa = PBXBuildFile; fileRef = 51B0837B1A524E2900B2C916 /* AppDelegate.swift */; };
		51B0837E1A524E2900B2C916 /* ViewController.swift in Sources */ = {isa = PBXBuildFile; fileRef = 51B0837D1A524E2900B2C916 /* ViewController.swift */; };
		51B083811A524E2900B2C916 /* Main.storyboard in Resources */ = {isa = PBXBuildFile; fileRef = 51B0837F1A524E2900B2C916 /* Main.storyboard */; };
		51B083831A524E2900B2C916 /* Images.xcassets in Resources */ = {isa = PBXBuildFile; fileRef = 51B083821A524E2900B2C916 /* Images.xcassets */; };
		51B083861A524E2900B2C916 /* LaunchScreen.xib in Resources */ = {isa = PBXBuildFile; fileRef = 51B083841A524E2900B2C916 /* LaunchScreen.xib */; };
		51B083921A524E2900B2C916 /* MeterialUIKitTests.swift in Sources */ = {isa = PBXBuildFile; fileRef = 51B083911A524E2900B2C916 /* MeterialUIKitTests.swift */; };
		51B0839D1A52504200B2C916 /* MeterialCheckBox.swift in Sources */ = {isa = PBXBuildFile; fileRef = 51B0839C1A52504200B2C916 /* MeterialCheckBox.swift */; };
/* End PBXBuildFile section */

/* Begin PBXContainerItemProxy section */
		51B0838C1A524E2900B2C916 /* PBXContainerItemProxy */ = {
			isa = PBXContainerItemProxy;
			containerPortal = 51B0836E1A524E2900B2C916 /* Project object */;
			proxyType = 1;
			remoteGlobalIDString = 51B083751A524E2900B2C916;
			remoteInfo = MeterialUIKit;
		};
/* End PBXContainerItemProxy section */

/* Begin PBXFileReference section */
		514F31FC1A5CBB0000BB0145 /* MetierialButton.swift */ = {isa = PBXFileReference; fileEncoding = 4; lastKnownFileType = sourcecode.swift; name = MetierialButton.swift; path = Class/MetierialButton.swift; sourceTree = "<group>"; };
		51791D361A5294460096D8A2 /* ClockFaceView.swift */ = {isa = PBXFileReference; fileEncoding = 4; lastKnownFileType = sourcecode.swift; name = ClockFaceView.swift; path = Class/ClockFaceView.swift; sourceTree = "<group>"; };
		51AECFA21A5BAE7E00A0196D /* MeterialUIKit.playground */ = {isa = PBXFileReference; lastKnownFileType = file.playground; path = MeterialUIKit.playground; sourceTree = "<group>"; };
		51B083761A524E2900B2C916 /* MeterialUIKit.app */ = {isa = PBXFileReference; explicitFileType = wrapper.application; includeInIndex = 0; path = MeterialUIKit.app; sourceTree = BUILT_PRODUCTS_DIR; };
		51B0837A1A524E2900B2C916 /* Info.plist */ = {isa = PBXFileReference; lastKnownFileType = text.plist.xml; path = Info.plist; sourceTree = "<group>"; };
		51B0837B1A524E2900B2C916 /* AppDelegate.swift */ = {isa = PBXFileReference; lastKnownFileType = sourcecode.swift; path = AppDelegate.swift; sourceTree = "<group>"; };
		51B0837D1A524E2900B2C916 /* ViewController.swift */ = {isa = PBXFileReference; lastKnownFileType = sourcecode.swift; path = ViewController.swift; sourceTree = "<group>"; };
		51B083801A524E2900B2C916 /* Base */ = {isa = PBXFileReference; lastKnownFileType = file.storyboard; name = Base; path = Base.lproj/Main.storyboard; sourceTree = "<group>"; };
		51B083821A524E2900B2C916 /* Images.xcassets */ = {isa = PBXFileReference; lastKnownFileType = folder.assetcatalog; path = Images.xcassets; sourceTree = "<group>"; };
		51B083851A524E2900B2C916 /* Base */ = {isa = PBXFileReference; lastKnownFileType = file.xib; name = Base; path = Base.lproj/LaunchScreen.xib; sourceTree = "<group>"; };
		51B0838B1A524E2900B2C916 /* MeterialUIKitTests.xctest */ = {isa = PBXFileReference; explicitFileType = wrapper.cfbundle; includeInIndex = 0; path = MeterialUIKitTests.xctest; sourceTree = BUILT_PRODUCTS_DIR; };
		51B083901A524E2900B2C916 /* Info.plist */ = {isa = PBXFileReference; lastKnownFileType = text.plist.xml; path = Info.plist; sourceTree = "<group>"; };
		51B083911A524E2900B2C916 /* MeterialUIKitTests.swift */ = {isa = PBXFileReference; lastKnownFileType = sourcecode.swift; path = MeterialUIKitTests.swift; sourceTree = "<group>"; };
		51B0839C1A52504200B2C916 /* MeterialCheckBox.swift */ = {isa = PBXFileReference; fileEncoding = 4; lastKnownFileType = sourcecode.swift; name = MeterialCheckBox.swift; path = Class/MeterialCheckBox.swift; sourceTree = "<group>"; };
/* End PBXFileReference section */

/* Begin PBXFrameworksBuildPhase section */
		51B083731A524E2900B2C916 /* Frameworks */ = {
			isa = PBXFrameworksBuildPhase;
			buildActionMask = 2147483647;
			files = (
			);
			runOnlyForDeploymentPostprocessing = 0;
		};
		51B083881A524E2900B2C916 /* Frameworks */ = {
			isa = PBXFrameworksBuildPhase;
			buildActionMask = 2147483647;
			files = (
			);
			runOnlyForDeploymentPostprocessing = 0;
		};
/* End PBXFrameworksBuildPhase section */

/* Begin PBXGroup section */
		51B0836D1A524E2900B2C916 = {
			isa = PBXGroup;
			children = (
				51B083781A524E2900B2C916 /* MeterialUIKit */,
				51B0838E1A524E2900B2C916 /* MeterialUIKitTests */,
				51B083771A524E2900B2C916 /* Products */,
			);
			sourceTree = "<group>";
		};
		51B083771A524E2900B2C916 /* Products */ = {
			isa = PBXGroup;
			children = (
				51B083761A524E2900B2C916 /* MeterialUIKit.app */,
				51B0838B1A524E2900B2C916 /* MeterialUIKitTests.xctest */,
			);
			name = Products;
			sourceTree = "<group>";
		};
		51B083781A524E2900B2C916 /* MeterialUIKit */ = {
			isa = PBXGroup;
			children = (
				51B0839B1A524FE900B2C916 /* Class */,
				51B0837B1A524E2900B2C916 /* AppDelegate.swift */,
				51B0837D1A524E2900B2C916 /* ViewController.swift */,
				51B0837F1A524E2900B2C916 /* Main.storyboard */,
				51B083821A524E2900B2C916 /* Images.xcassets */,
				51B083841A524E2900B2C916 /* LaunchScreen.xib */,
				51B083791A524E2900B2C916 /* Supporting Files */,
				51AECFA21A5BAE7E00A0196D /* MeterialUIKit.playground */,
			);
			path = MeterialUIKit;
			sourceTree = "<group>";
		};
		51B083791A524E2900B2C916 /* Supporting Files */ = {
			isa = PBXGroup;
			children = (
				51B0837A1A524E2900B2C916 /* Info.plist */,
			);
			name = "Supporting Files";
			sourceTree = "<group>";
		};
		51B0838E1A524E2900B2C916 /* MeterialUIKitTests */ = {
			isa = PBXGroup;
			children = (
				51B083911A524E2900B2C916 /* MeterialUIKitTests.swift */,
				51B0838F1A524E2900B2C916 /* Supporting Files */,
			);
			path = MeterialUIKitTests;
			sourceTree = "<group>";
		};
		51B0838F1A524E2900B2C916 /* Supporting Files */ = {
			isa = PBXGroup;
			children = (
				51B083901A524E2900B2C916 /* Info.plist */,
			);
			name = "Supporting Files";
			sourceTree = "<group>";
		};
		51B0839B1A524FE900B2C916 /* Class */ = {
			isa = PBXGroup;
			children = (
				51B0839C1A52504200B2C916 /* MeterialCheckBox.swift */,
				51791D361A5294460096D8A2 /* ClockFaceView.swift */,
				514F31FC1A5CBB0000BB0145 /* MetierialButton.swift */,
			);
			name = Class;
			sourceTree = "<group>";
		};
/* End PBXGroup section */

/* Begin PBXNativeTarget section */
		51B083751A524E2900B2C916 /* MeterialUIKit */ = {
			isa = PBXNativeTarget;
			buildConfigurationList = 51B083951A524E2900B2C916 /* Build configuration list for PBXNativeTarget "MeterialUIKit" */;
			buildPhases = (
				51B083721A524E2900B2C916 /* Sources */,
				51B083731A524E2900B2C916 /* Frameworks */,
				51B083741A524E2900B2C916 /* Resources */,
			);
			buildRules = (
			);
			dependencies = (
			);
			name = MeterialUIKit;
			productName = MeterialUIKit;
			productReference = 51B083761A524E2900B2C916 /* MeterialUIKit.app */;
			productType = "com.apple.product-type.application";
		};
		51B0838A1A524E2900B2C916 /* MeterialUIKitTests */ = {
			isa = PBXNativeTarget;
			buildConfigurationList = 51B083981A524E2900B2C916 /* Build configuration list for PBXNativeTarget "MeterialUIKitTests" */;
			buildPhases = (
				51B083871A524E2900B2C916 /* Sources */,
				51B083881A524E2900B2C916 /* Frameworks */,
				51B083891A524E2900B2C916 /* Resources */,
			);
			buildRules = (
			);
			dependencies = (
				51B0838D1A524E2900B2C916 /* PBXTargetDependency */,
			);
			name = MeterialUIKitTests;
			productName = MeterialUIKitTests;
			productReference = 51B0838B1A524E2900B2C916 /* MeterialUIKitTests.xctest */;
			productType = "com.apple.product-type.bundle.unit-test";
		};
/* End PBXNativeTarget section */

/* Begin PBXProject section */
		51B0836E1A524E2900B2C916 /* Project object */ = {
			isa = PBXProject;
			attributes = {
				LastUpgradeCheck = 0620;
				ORGANIZATIONNAME = com.metalmind;
				TargetAttributes = {
					51B083751A524E2900B2C916 = {
						CreatedOnToolsVersion = 6.2;
						DevelopmentTeam = 5ZT64D7ZTC;
					};
					51B0838A1A524E2900B2C916 = {
						CreatedOnToolsVersion = 6.2;
						TestTargetID = 51B083751A524E2900B2C916;
					};
				};
			};
			buildConfigurationList = 51B083711A524E2900B2C916 /* Build configuration list for PBXProject "MeterialUIKit" */;
			compatibilityVersion = "Xcode 3.2";
			developmentRegion = English;
			hasScannedForEncodings = 0;
			knownRegions = (
				en,
				Base,
			);
			mainGroup = 51B0836D1A524E2900B2C916;
			productRefGroup = 51B083771A524E2900B2C916 /* Products */;
			projectDirPath = "";
			projectRoot = "";
			targets = (
				51B083751A524E2900B2C916 /* MeterialUIKit */,
				51B0838A1A524E2900B2C916 /* MeterialUIKitTests */,
			);
		};
/* End PBXProject section */

/* Begin PBXResourcesBuildPhase section */
		51B083741A524E2900B2C916 /* Resources */ = {
			isa = PBXResourcesBuildPhase;
			buildActionMask = 2147483647;
			files = (
				51B083811A524E2900B2C916 /* Main.storyboard in Resources */,
				51B083861A524E2900B2C916 /* LaunchScreen.xib in Resources */,
				51B083831A524E2900B2C916 /* Images.xcassets in Resources */,
			);
			runOnlyForDeploymentPostprocessing = 0;
		};
		51B083891A524E2900B2C916 /* Resources */ = {
			isa = PBXResourcesBuildPhase;
			buildActionMask = 2147483647;
			files = (
			);
			runOnlyForDeploymentPostprocessing = 0;
		};
/* End PBXResourcesBuildPhase section */

/* Begin PBXSourcesBuildPhase section */
		51B083721A524E2900B2C916 /* Sources */ = {
			isa = PBXSourcesBuildPhase;
			buildActionMask = 2147483647;
			files = (
				51791D371A5294460096D8A2 /* ClockFaceView.swift in Sources */,
				514F31FD1A5CBB0000BB0145 /* MetierialButton.swift in Sources */,
				51B0839D1A52504200B2C916 /* MeterialCheckBox.swift in Sources */,
				51B0837E1A524E2900B2C916 /* ViewController.swift in Sources */,
				51B0837C1A524E2900B2C916 /* AppDelegate.swift in Sources */,
			);
			runOnlyForDeploymentPostprocessing = 0;
		};
		51B083871A524E2900B2C916 /* Sources */ = {
			isa = PBXSourcesBuildPhase;
			buildActionMask = 2147483647;
			files = (
				51B083921A524E2900B2C916 /* MeterialUIKitTests.swift in Sources */,
			);
			runOnlyForDeploymentPostprocessing = 0;
		};
/* End PBXSourcesBuildPhase section */

/* Begin PBXTargetDependency section */
		51B0838D1A524E2900B2C916 /* PBXTargetDependency */ = {
			isa = PBXTargetDependency;
			target = 51B083751A524E2900B2C916 /* MeterialUIKit */;
			targetProxy = 51B0838C1A524E2900B2C916 /* PBXContainerItemProxy */;
		};
/* End PBXTargetDependency section */

/* Begin PBXVariantGroup section */
		51B0837F1A524E2900B2C916 /* Main.storyboard */ = {
			isa = PBXVariantGroup;
			children = (
				51B083801A524E2900B2C916 /* Base */,
			);
			name = Main.storyboard;
			sourceTree = "<group>";
		};
		51B083841A524E2900B2C916 /* LaunchScreen.xib */ = {
			isa = PBXVariantGroup;
			children = (
				51B083851A524E2900B2C916 /* Base */,
			);
			name = LaunchScreen.xib;
			sourceTree = "<group>";
		};
/* End PBXVariantGroup section */

/* Begin XCBuildConfiguration section */
		51B083931A524E2900B2C916 /* Debug */ = {
			isa = XCBuildConfiguration;
			buildSettings = {
				ALWAYS_SEARCH_USER_PATHS = NO;
				CLANG_CXX_LANGUAGE_STANDARD = "gnu++0x";
				CLANG_CXX_LIBRARY = "libc++";
				CLANG_ENABLE_MODULES = YES;
				CLANG_ENABLE_OBJC_ARC = YES;
				CLANG_WARN_BOOL_CONVERSION = YES;
				CLANG_WARN_CONSTANT_CONVERSION = YES;
				CLANG_WARN_DIRECT_OBJC_ISA_USAGE = YES_ERROR;
				CLANG_WARN_EMPTY_BODY = YES;
				CLANG_WARN_ENUM_CONVERSION = YES;
				CLANG_WARN_INT_CONVERSION = YES;
				CLANG_WARN_OBJC_ROOT_CLASS = YES_ERROR;
				CLANG_WARN_UNREACHABLE_CODE = YES;
				CLANG_WARN__DUPLICATE_METHOD_MATCH = YES;
				"CODE_SIGN_IDENTITY[sdk=iphoneos*]" = "iPhone Developer";
				COPY_PHASE_STRIP = NO;
				ENABLE_STRICT_OBJC_MSGSEND = YES;
				GCC_C_LANGUAGE_STANDARD = gnu99;
				GCC_DYNAMIC_NO_PIC = NO;
				GCC_OPTIMIZATION_LEVEL = 0;
				GCC_PREPROCESSOR_DEFINITIONS = (
					"DEBUG=1",
					"$(inherited)",
				);
				GCC_SYMBOLS_PRIVATE_EXTERN = NO;
				GCC_WARN_64_TO_32_BIT_CONVERSION = YES;
				GCC_WARN_ABOUT_RETURN_TYPE = YES_ERROR;
				GCC_WARN_UNDECLARED_SELECTOR = YES;
				GCC_WARN_UNINITIALIZED_AUTOS = YES_AGGRESSIVE;
				GCC_WARN_UNUSED_FUNCTION = YES;
				GCC_WARN_UNUSED_VARIABLE = YES;
				IPHONEOS_DEPLOYMENT_TARGET = 8.2;
				MTL_ENABLE_DEBUG_INFO = YES;
				ONLY_ACTIVE_ARCH = YES;
				SDKROOT = iphoneos;
				SWIFT_OPTIMIZATION_LEVEL = "-Onone";
			};
			name = Debug;
		};
		51B083941A524E2900B2C916 /* Release */ = {
			isa = XCBuildConfiguration;
			buildSettings = {
				ALWAYS_SEARCH_USER_PATHS = NO;
				CLANG_CXX_LANGUAGE_STANDARD = "gnu++0x";
				CLANG_CXX_LIBRARY = "libc++";
				CLANG_ENABLE_MODULES = YES;
				CLANG_ENABLE_OBJC_ARC = YES;
				CLANG_WARN_BOOL_CONVERSION = YES;
				CLANG_WARN_CONSTANT_CONVERSION = YES;
				CLANG_WARN_DIRECT_OBJC_ISA_USAGE = YES_ERROR;
				CLANG_WARN_EMPTY_BODY = YES;
				CLANG_WARN_ENUM_CONVERSION = YES;
				CLANG_WARN_INT_CONVERSION = YES;
				CLANG_WARN_OBJC_ROOT_CLASS = YES_ERROR;
				CLANG_WARN_UNREACHABLE_CODE = YES;
				CLANG_WARN__DUPLICATE_METHOD_MATCH = YES;
				"CODE_SIGN_IDENTITY[sdk=iphoneos*]" = "iPhone Developer";
				COPY_PHASE_STRIP = YES;
				ENABLE_NS_ASSERTIONS = NO;
				ENABLE_STRICT_OBJC_MSGSEND = YES;
				GCC_C_LANGUAGE_STANDARD = gnu99;
				GCC_WARN_64_TO_32_BIT_CONVERSION = YES;
				GCC_WARN_ABOUT_RETURN_TYPE = YES_ERROR;
				GCC_WARN_UNDECLARED_SELECTOR = YES;
				GCC_WARN_UNINITIALIZED_AUTOS = YES_AGGRESSIVE;
				GCC_WARN_UNUSED_FUNCTION = YES;
				GCC_WARN_UNUSED_VARIABLE = YES;
				IPHONEOS_DEPLOYMENT_TARGET = 8.2;
				MTL_ENABLE_DEBUG_INFO = NO;
				SDKROOT = iphoneos;
				VALIDATE_PRODUCT = YES;
			};
			name = Release;
		};
		51B083961A524E2900B2C916 /* Debug */ = {
			isa = XCBuildConfiguration;
			buildSettings = {
				ASSETCATALOG_COMPILER_APPICON_NAME = AppIcon;
				CODE_SIGN_IDENTITY = "iPhone Developer";
				"CODE_SIGN_IDENTITY[sdk=iphoneos*]" = "iPhone Developer";
				INFOPLIST_FILE = MeterialUIKit/Info.plist;
				IPHONEOS_DEPLOYMENT_TARGET = 8.0;
				LD_RUNPATH_SEARCH_PATHS = "$(inherited) @executable_path/Frameworks";
				PRODUCT_NAME = "$(TARGET_NAME)";
				PROVISIONING_PROFILE = "";
			};
			name = Debug;
		};
		51B083971A524E2900B2C916 /* Release */ = {
			isa = XCBuildConfiguration;
			buildSettings = {
				ASSETCATALOG_COMPILER_APPICON_NAME = AppIcon;
				CODE_SIGN_IDENTITY = "iPhone Developer";
				"CODE_SIGN_IDENTITY[sdk=iphoneos*]" = "iPhone Developer";
				INFOPLIST_FILE = MeterialUIKit/Info.plist;
				IPHONEOS_DEPLOYMENT_TARGET = 8.0;
				LD_RUNPATH_SEARCH_PATHS = "$(inherited) @executable_path/Frameworks";
				PRODUCT_NAME = "$(TARGET_NAME)";
				PROVISIONING_PROFILE = "";
			};
			name = Release;
		};
		51B083991A524E2900B2C916 /* Debug */ = {
			isa = XCBuildConfiguration;
			buildSettings = {
				BUNDLE_LOADER = "$(TEST_HOST)";
				FRAMEWORK_SEARCH_PATHS = (
					"$(SDKROOT)/Developer/Library/Frameworks",
					"$(inherited)",
				);
				GCC_PREPROCESSOR_DEFINITIONS = (
					"DEBUG=1",
					"$(inherited)",
				);
				INFOPLIST_FILE = MeterialUIKitTests/Info.plist;
				LD_RUNPATH_SEARCH_PATHS = "$(inherited) @executable_path/Frameworks @loader_path/Frameworks";
				PRODUCT_NAME = "$(TARGET_NAME)";
				TEST_HOST = "$(BUILT_PRODUCTS_DIR)/MeterialUIKit.app/MeterialUIKit";
			};
			name = Debug;
		};
		51B0839A1A524E2900B2C916 /* Release */ = {
			isa = XCBuildConfiguration;
			buildSettings = {
				BUNDLE_LOADER = "$(TEST_HOST)";
				FRAMEWORK_SEARCH_PATHS = (
					"$(SDKROOT)/Developer/Library/Frameworks",
					"$(inherited)",
				);
				INFOPLIST_FILE = MeterialUIKitTests/Info.plist;
				LD_RUNPATH_SEARCH_PATHS = "$(inherited) @executable_path/Frameworks @loader_path/Frameworks";
				PRODUCT_NAME = "$(TARGET_NAME)";
				TEST_HOST = "$(BUILT_PRODUCTS_DIR)/MeterialUIKit.app/MeterialUIKit";
			};
			name = Release;
		};
/* End XCBuildConfiguration section */

/* Begin XCConfigurationList section */
		51B083711A524E2900B2C916 /* Build configuration list for PBXProject "MeterialUIKit" */ = {
			isa = XCConfigurationList;
			buildConfigurations = (
				51B083931A524E2900B2C916 /* Debug */,
				51B083941A524E2900B2C916 /* Release */,
			);
			defaultConfigurationIsVisible = 0;
			defaultConfigurationName = Release;
		};
		51B083951A524E2900B2C916 /* Build configuration list for PBXNativeTarget "MeterialUIKit" */ = {
			isa = XCConfigurationList;
			buildConfigurations = (
				51B083961A524E2900B2C916 /* Debug */,
				51B083971A524E2900B2C916 /* Release */,
			);
			defaultConfigurationIsVisible = 0;
			defaultConfigurationName = Release;
		};
		51B083981A524E2900B2C916 /* Build configuration list for PBXNativeTarget "MeterialUIKitTests" */ = {
			isa = XCConfigurationList;
			buildConfigurations = (
				51B083991A524E2900B2C916 /* Debug */,
				51B0839A1A524E2900B2C916 /* Release */,
			);
			defaultConfigurationIsVisible = 0;
			defaultConfigurationName = Release;
		};
/* End XCConfigurationList section */
	};
	rootObject = 51B0836E1A524E2900B2C916 /* Project object */;
}
